
Microsoft Visual Studio Solution File, Format Version 12.00
# Visual Studio Version 17
VisualStudioVersion = 17.1.32414.318
MinimumVisualStudioVersion = 10.0.40219.1
Project("{FAE04EC0-301F-11D3-BF4B-00C04F79EFBC}") = "getintopc-scraper", "getintopc-scraper.csproj", "{43B25311-BBC1-468C-B620-E16D72DF25A2}"
EndProject
Global
	GlobalSection(SolutionConfigurationPlatforms) = preSolution
		Debug|Any CPU = Debug|Any CPU
		Release|Any CPU = Release|Any CPU
	EndGlobalSection
	GlobalSection(ProjectConfigurationPlatforms) = postSolution
		{43B25311-BBC1-468C-B620-E16D72DF25A2}.Debug|Any CPU.ActiveCfg = Debug|Any CPU
		{43B25311-BBC1-468C-B620-E16D72DF25A2}.Debug|Any CPU.Build.0 = Debug|Any CPU
		{43B25311-BBC1-468C-B620-E16D72DF25A2}.Release|Any CPU.ActiveCfg = Release|Any CPU
		{43B25311-BBC1-468C-B620-E16D72DF25A2}.Release|Any CPU.Build.0 = Release|Any CPU
	EndGlobalSection
	GlobalSection(SolutionProperties) = preSolution
		HideSolutionNode = FALSE
	EndGlobalSection
	GlobalSection(ExtensibilityGlobals) = postSolution
		SolutionGuid = {6A245338-84F1-4932-886F-A3C8760FFF21}
	EndGlobalSection
EndGlobal
